
Microsoft Visual Studio Solution File, Format Version 12.00
# Visual Studio 15
Project("{FAE04EC0-301F-11D3-BF4B-00C04F79EFBC}") = "Assembly-CSharp", "Assembly-CSharp.csproj", "{EE7F7B71-3D29-C424-DB7C-3EC2C5F40A51}"
EndProject
Global
	GlobalSection(SolutionConfigurationPlatforms) = preSolution
		Debug|Any CPU = Debug|Any CPU
		Release|Any CPU = Release|Any CPU
	EndGlobalSection
	GlobalSection(ProjectConfigurationPlatforms) = postSolution
		{EE7F7B71-3D29-C424-DB7C-3EC2C5F40A51}.Debug|Any CPU.ActiveCfg = Debug|Any CPU
		{EE7F7B71-3D29-C424-DB7C-3EC2C5F40A51}.Debug|Any CPU.Build.0 = Debug|Any CPU
		{EE7F7B71-3D29-C424-DB7C-3EC2C5F40A51}.Release|Any CPU.ActiveCfg = Release|Any CPU
		{EE7F7B71-3D29-C424-DB7C-3EC2C5F40A51}.Release|Any CPU.Build.0 = Release|Any CPU
	EndGlobalSection
	GlobalSection(SolutionProperties) = preSolution
		HideSolutionNode = FALSE
	EndGlobalSection
EndGlobal
